
Microsoft Visual Studio Solution File, Format Version 12.00
# Visual Studio Version 17
VisualStudioVersion = 17.14.36930.0 d17.14
MinimumVisualStudioVersion = 10.0.40219.1
Project("{8BC9CEB8-8B4A-11D0-8D11-00A0C91BC942}") = "priority_queue", "priority_queue\priority_queue.vcxproj", "{E85F7718-2CB3-4015-830B-5526C7DC2160}"
EndProject
Global
	GlobalSection(SolutionConfigurationPlatforms) = preSolution
		Debug|x64 = Debug|x64
		Debug|x86 = Debug|x86
		Release|x64 = Release|x64
		Release|x86 = Release|x86
	EndGlobalSection
	GlobalSection(ProjectConfigurationPlatforms) = postSolution
		{E85F7718-2CB3-4015-830B-5526C7DC2160}.Debug|x64.ActiveCfg = Debug|x64
		{E85F7718-2CB3-4015-830B-5526C7DC2160}.Debug|x64.Build.0 = Debug|x64
		{E85F7718-2CB3-4015-830B-5526C7DC2160}.Debug|x86.ActiveCfg = Debug|Win32
		{E85F7718-2CB3-4015-830B-5526C7DC2160}.Debug|x86.Build.0 = Debug|Win32
		{E85F7718-2CB3-4015-830B-5526C7DC2160}.Release|x64.ActiveCfg = Release|x64
		{E85F7718-2CB3-4015-830B-5526C7DC2160}.Release|x64.Build.0 = Release|x64
		{E85F7718-2CB3-4015-830B-5526C7DC2160}.Release|x86.ActiveCfg = Release|Win32
		{E85F7718-2CB3-4015-830B-5526C7DC2160}.Release|x86.Build.0 = Release|Win32
	EndGlobalSection
	GlobalSection(SolutionProperties) = preSolution
		HideSolutionNode = FALSE
	EndGlobalSection
	GlobalSection(ExtensibilityGlobals) = postSolution
		SolutionGuid = {B4043C3E-4C72-4F45-AA8B-8F18C5F8C567}
	EndGlobalSection
EndGlobal
