
Microsoft Visual Studio Solution File, Format Version 12.00
# Visual Studio Version 17
VisualStudioVersion = 17.14.36930.0 d17.14
MinimumVisualStudioVersion = 10.0.40219.1
Project("{8BC9CEB8-8B4A-11D0-8D11-00A0C91BC942}") = "二分查找习题", "二分查找习题\二分查找习题.vcxproj", "{8CED8C32-719A-4609-81DD-E6656E1C2561}"
EndProject
Global
	GlobalSection(SolutionConfigurationPlatforms) = preSolution
		Debug|x64 = Debug|x64
		Debug|x86 = Debug|x86
		Release|x64 = Release|x64
		Release|x86 = Release|x86
	EndGlobalSection
	GlobalSection(ProjectConfigurationPlatforms) = postSolution
		{8CED8C32-719A-4609-81DD-E6656E1C2561}.Debug|x64.ActiveCfg = Debug|x64
		{8CED8C32-719A-4609-81DD-E6656E1C2561}.Debug|x64.Build.0 = Debug|x64
		{8CED8C32-719A-4609-81DD-E6656E1C2561}.Debug|x86.ActiveCfg = Debug|Win32
		{8CED8C32-719A-4609-81DD-E6656E1C2561}.Debug|x86.Build.0 = Debug|Win32
		{8CED8C32-719A-4609-81DD-E6656E1C2561}.Release|x64.ActiveCfg = Release|x64
		{8CED8C32-719A-4609-81DD-E6656E1C2561}.Release|x64.Build.0 = Release|x64
		{8CED8C32-719A-4609-81DD-E6656E1C2561}.Release|x86.ActiveCfg = Release|Win32
		{8CED8C32-719A-4609-81DD-E6656E1C2561}.Release|x86.Build.0 = Release|Win32
	EndGlobalSection
	GlobalSection(SolutionProperties) = preSolution
		HideSolutionNode = FALSE
	EndGlobalSection
	GlobalSection(ExtensibilityGlobals) = postSolution
		SolutionGuid = {6D092500-F9F3-4CA0-B302-5EA3F656D77F}
	EndGlobalSection
EndGlobal
